// !$*UTF8*$!
{
	archiveVersion = 1;
	classes = {
	};
	objectVersion = 46;
	objects = {

/* Begin PBXBuildFile section */
		074A4EE61CDB6E3E00E805E9 /* AppDelegate.swift in Sources */ = {isa = PBXBuildFile; fileRef = 074A4EE51CDB6E3E00E805E9 /* AppDelegate.swift */; };
		074A4EE81CDB6E3E00E805E9 /* ViewController.swift in Sources */ = {isa = PBXBuildFile; fileRef = 074A4EE71CDB6E3E00E805E9 /* ViewController.swift */; };
		074A4EEB1CDB6E3E00E805E9 /* Main.storyboard in Resources */ = {isa = PBXBuildFile; fileRef = 074A4EE91CDB6E3E00E805E9 /* Main.storyboard */; };
		074A4EEE1CDB6E3E00E805E9 /* HoBShare.xcdatamodeld in Sources */ = {isa = PBXBuildFile; fileRef = 074A4EEC1CDB6E3E00E805E9 /* HoBShare.xcdatamodeld */; };
		074A4EF01CDB6E3E00E805E9 /* Assets.xcassets in Resources */ = {isa = PBXBuildFile; fileRef = 074A4EEF1CDB6E3E00E805E9 /* Assets.xcassets */; };
		074A4EF31CDB6E3E00E805E9 /* LaunchScreen.storyboard in Resources */ = {isa = PBXBuildFile; fileRef = 074A4EF11CDB6E3E00E805E9 /* LaunchScreen.storyboard */; };
		074A4EFB1CDF900900E805E9 /* MapKit.framework in Frameworks */ = {isa = PBXBuildFile; fileRef = 074A4EFA1CDF900900E805E9 /* MapKit.framework */; };
		07ED18451CE5494F0094FE42 /* StarterKit in Resources */ = {isa = PBXBuildFile; fileRef = 07ED18441CE5494F0094FE42 /* StarterKit */; };
		07ED18481CE549DF0094FE42 /* SFLBaseModel.swift in Sources */ = {isa = PBXBuildFile; fileRef = 07ED18461CE549DF0094FE42 /* SFLBaseModel.swift */; };
		07ED18491CE549DF0094FE42 /* SFLConnection.swift in Sources */ = {isa = PBXBuildFile; fileRef = 07ED18471CE549DF0094FE42 /* SFLConnection.swift */; };
		07ED184D1CE56D450094FE42 /* MeViewController .swift in Sources */ = {isa = PBXBuildFile; fileRef = 07ED184C1CE56D450094FE42 /* MeViewController .swift */; };
		07ED184F1CE56D680094FE42 /* HoBShareViewController.swift in Sources */ = {isa = PBXBuildFile; fileRef = 07ED184E1CE56D680094FE42 /* HoBShareViewController.swift */; };
		07ED18511CE56DE60094FE42 /* EditHobbiesViewController.swift in Sources */ = {isa = PBXBuildFile; fileRef = 07ED18501CE56DE60094FE42 /* EditHobbiesViewController.swift */; };
		07ED18531CE56E080094FE42 /* NeighorsViewController.swift in Sources */ = {isa = PBXBuildFile; fileRef = 07ED18521CE56E080094FE42 /* NeighorsViewController.swift */; };
		07ED18551CE5786E0094FE42 /* Modles.swift in Sources */ = {isa = PBXBuildFile; fileRef = 07ED18541CE5786E0094FE42 /* Modles.swift */; };
		07ED18571CE578CF0094FE42 /* DataProviders.swift in Sources */ = {isa = PBXBuildFile; fileRef = 07ED18561CE578CF0094FE42 /* DataProviders.swift */; };
		07ED18591CE777020094FE42 /* HobbyCollectionViewCell.swift in Sources */ = {isa = PBXBuildFile; fileRef = 07ED18581CE777020094FE42 /* HobbyCollectionViewCell.swift */; };
		07ED185B1CE801FB0094FE42 /* general.swift in Sources */ = {isa = PBXBuildFile; fileRef = 07ED185A1CE801FB0094FE42 /* general.swift */; };
/* End PBXBuildFile section */

/* Begin PBXFileReference section */
		074A4EE21CDB6E3E00E805E9 /* HoBShare.app */ = {isa = PBXFileReference; explicitFileType = wrapper.application; includeInIndex = 0; path = HoBShare.app; sourceTree = BUILT_PRODUCTS_DIR; };
		074A4EE51CDB6E3E00E805E9 /* AppDelegate.swift */ = {isa = PBXFileReference; lastKnownFileType = sourcecode.swift; path = AppDelegate.swift; sourceTree = "<group>"; };
		074A4EE71CDB6E3E00E805E9 /* ViewController.swift */ = {isa = PBXFileReference; lastKnownFileType = sourcecode.swift; path = ViewController.swift; sourceTree = "<group>"; };
		074A4EEA1CDB6E3E00E805E9 /* Base */ = {isa = PBXFileReference; lastKnownFileType = file.storyboard; name = Base; path = Base.lproj/Main.storyboard; sourceTree = "<group>"; };
		074A4EED1CDB6E3E00E805E9 /* HoBShare.xcdatamodel */ = {isa = PBXFileReference; lastKnownFileType = wrapper.xcdatamodel; path = HoBShare.xcdatamodel; sourceTree = "<group>"; };
		074A4EEF1CDB6E3E00E805E9 /* Assets.xcassets */ = {isa = PBXFileReference; lastKnownFileType = folder.assetcatalog; path = Assets.xcassets; sourceTree = "<group>"; };
		074A4EF21CDB6E3E00E805E9 /* Base */ = {isa = PBXFileReference; lastKnownFileType = file.storyboard; name = Base; path = Base.lproj/LaunchScreen.storyboard; sourceTree = "<group>"; };
		074A4EF41CDB6E3E00E805E9 /* Info.plist */ = {isa = PBXFileReference; lastKnownFileType = text.plist.xml; path = Info.plist; sourceTree = "<group>"; };
		074A4EFA1CDF900900E805E9 /* MapKit.framework */ = {isa = PBXFileReference; lastKnownFileType = wrapper.framework; name = MapKit.framework; path = System/Library/Frameworks/MapKit.framework; sourceTree = SDKROOT; };
		07ED18441CE5494F0094FE42 /* StarterKit */ = {isa = PBXFileReference; lastKnownFileType = folder; name = StarterKit; path = "../../../Desktop/iOS video/Swift/week4/StarterKit"; sourceTree = "<group>"; };
		07ED18461CE549DF0094FE42 /* SFLBaseModel.swift */ = {isa = PBXFileReference; fileEncoding = 4; lastKnownFileType = sourcecode.swift; path = SFLBaseModel.swift; sourceTree = "<group>"; };
		07ED18471CE549DF0094FE42 /* SFLConnection.swift */ = {isa = PBXFileReference; fileEncoding = 4; lastKnownFileType = sourcecode.swift; path = SFLConnection.swift; sourceTree = "<group>"; };
		07ED184C1CE56D450094FE42 /* MeViewController .swift */ = {isa = PBXFileReference; fileEncoding = 4; lastKnownFileType = sourcecode.swift; path = "MeViewController .swift"; sourceTree = "<group>"; };
		07ED184E1CE56D680094FE42 /* HoBShareViewController.swift */ = {isa = PBXFileReference; fileEncoding = 4; lastKnownFileType = sourcecode.swift; path = HoBShareViewController.swift; sourceTree = SOURCE_ROOT; };
		07ED18501CE56DE60094FE42 /* EditHobbiesViewController.swift */ = {isa = PBXFileReference; fileEncoding = 4; lastKnownFileType = sourcecode.swift; name = EditHobbiesViewController.swift; path = ../EditHobbiesViewController.swift; sourceTree = "<group>"; };
		07ED18521CE56E080094FE42 /* NeighorsViewController.swift */ = {isa = PBXFileReference; fileEncoding = 4; lastKnownFileType = sourcecode.swift; path = NeighorsViewController.swift; sourceTree = "<group>"; };
		07ED18541CE5786E0094FE42 /* Modles.swift */ = {isa = PBXFileReference; fileEncoding = 4; lastKnownFileType = sourcecode.swift; path = Modles.swift; sourceTree = "<group>"; };
		07ED18561CE578CF0094FE42 /* DataProviders.swift */ = {isa = PBXFileReference; fileEncoding = 4; lastKnownFileType = sourcecode.swift; path = DataProviders.swift; sourceTree = "<group>"; };
		07ED18581CE777020094FE42 /* HobbyCollectionViewCell.swift */ = {isa = PBXFileReference; fileEncoding = 4; lastKnownFileType = sourcecode.swift; path = HobbyCollectionViewCell.swift; sourceTree = "<group>"; };
		07ED185A1CE801FB0094FE42 /* general.swift */ = {isa = PBXFileReference; fileEncoding = 4; lastKnownFileType = sourcecode.swift; path = general.swift; sourceTree = "<group>"; };
/* End PBXFileReference section */

/* Begin PBXFrameworksBuildPhase section */
		074A4EDF1CDB6E3E00E805E9 /* Frameworks */ = {
			isa = PBXFrameworksBuildPhase;
			buildActionMask = 2147483647;
			files = (
				074A4EFB1CDF900900E805E9 /* MapKit.framework in Frameworks */,
			);
			runOnlyForDeploymentPostprocessing = 0;
		};
/* End PBXFrameworksBuildPhase section */

/* Begin PBXGroup section */
		074A4ED91CDB6E3E00E805E9 = {
			isa = PBXGroup;
			children = (
				07ED18441CE5494F0094FE42 /* StarterKit */,
				074A4EFA1CDF900900E805E9 /* MapKit.framework */,
				074A4EE41CDB6E3E00E805E9 /* HoBShare */,
				074A4EE31CDB6E3E00E805E9 /* Products */,
			);
			sourceTree = "<group>";
		};
		074A4EE31CDB6E3E00E805E9 /* Products */ = {
			isa = PBXGroup;
			children = (
				074A4EE21CDB6E3E00E805E9 /* HoBShare.app */,
			);
			name = Products;
			sourceTree = "<group>";
		};
		074A4EE41CDB6E3E00E805E9 /* HoBShare */ = {
			isa = PBXGroup;
			children = (
				07ED185A1CE801FB0094FE42 /* general.swift */,
				07ED18461CE549DF0094FE42 /* SFLBaseModel.swift */,
				07ED18471CE549DF0094FE42 /* SFLConnection.swift */,
				07ED18541CE5786E0094FE42 /* Modles.swift */,
				07ED18561CE578CF0094FE42 /* DataProviders.swift */,
				07ED184E1CE56D680094FE42 /* HoBShareViewController.swift */,
				07ED18581CE777020094FE42 /* HobbyCollectionViewCell.swift */,
				07ED184C1CE56D450094FE42 /* MeViewController .swift */,
				07ED18501CE56DE60094FE42 /* EditHobbiesViewController.swift */,
				07ED18521CE56E080094FE42 /* NeighorsViewController.swift */,
				074A4EE51CDB6E3E00E805E9 /* AppDelegate.swift */,
				074A4EE71CDB6E3E00E805E9 /* ViewController.swift */,
				074A4EE91CDB6E3E00E805E9 /* Main.storyboard */,
				074A4EEF1CDB6E3E00E805E9 /* Assets.xcassets */,
				074A4EF11CDB6E3E00E805E9 /* LaunchScreen.storyboard */,
				074A4EF41CDB6E3E00E805E9 /* Info.plist */,
				074A4EEC1CDB6E3E00E805E9 /* HoBShare.xcdatamodeld */,
			);
			path = HoBShare;
			sourceTree = "<group>";
		};
/* End PBXGroup section */

/* Begin PBXNativeTarget section */
		074A4EE11CDB6E3E00E805E9 /* HoBShare */ = {
			isa = PBXNativeTarget;
			buildConfigurationList = 074A4EF71CDB6E3E00E805E9 /* Build configuration list for PBXNativeTarget "HoBShare" */;
			buildPhases = (
				074A4EDE1CDB6E3E00E805E9 /* Sources */,
				074A4EDF1CDB6E3E00E805E9 /* Frameworks */,
				074A4EE01CDB6E3E00E805E9 /* Resources */,
			);
			buildRules = (
			);
			dependencies = (
			);
			name = HoBShare;
			productName = HoBShare;
			productReference = 074A4EE21CDB6E3E00E805E9 /* HoBShare.app */;
			productType = "com.apple.product-type.application";
		};
/* End PBXNativeTarget section */

/* Begin PBXProject section */
		074A4EDA1CDB6E3E00E805E9 /* Project object */ = {
			isa = PBXProject;
			attributes = {
				LastSwiftUpdateCheck = 0730;
				LastUpgradeCheck = 0730;
				ORGANIZATIONNAME = Eric;
				TargetAttributes = {
					074A4EE11CDB6E3E00E805E9 = {
						CreatedOnToolsVersion = 7.3;
						DevelopmentTeam = D2K38YQ2HK;
					};
				};
			};
			buildConfigurationList = 074A4EDD1CDB6E3E00E805E9 /* Build configuration list for PBXProject "HoBShare" */;
			compatibilityVersion = "Xcode 3.2";
			developmentRegion = English;
			hasScannedForEncodings = 0;
			knownRegions = (
				en,
				Base,
			);
			mainGroup = 074A4ED91CDB6E3E00E805E9;
			productRefGroup = 074A4EE31CDB6E3E00E805E9 /* Products */;
			projectDirPath = "";
			projectRoot = "";
			targets = (
				074A4EE11CDB6E3E00E805E9 /* HoBShare */,
			);
		};
/* End PBXProject section */

/* Begin PBXResourcesBuildPhase section */
		074A4EE01CDB6E3E00E805E9 /* Resources */ = {
			isa = PBXResourcesBuildPhase;
			buildActionMask = 2147483647;
			files = (
				074A4EF31CDB6E3E00E805E9 /* LaunchScreen.storyboard in Resources */,
				074A4EF01CDB6E3E00E805E9 /* Assets.xcassets in Resources */,
				074A4EEB1CDB6E3E00E805E9 /* Main.storyboard in Resources */,
				07ED18451CE5494F0094FE42 /* StarterKit in Resources */,
			);
			runOnlyForDeploymentPostprocessing = 0;
		};
/* End PBXResourcesBuildPhase section */

/* Begin PBXSourcesBuildPhase section */
		074A4EDE1CDB6E3E00E805E9 /* Sources */ = {
			isa = PBXSourcesBuildPhase;
			buildActionMask = 2147483647;
			files = (
				07ED18531CE56E080094FE42 /* NeighorsViewController.swift in Sources */,
				07ED185B1CE801FB0094FE42 /* general.swift in Sources */,
				074A4EEE1CDB6E3E00E805E9 /* HoBShare.xcdatamodeld in Sources */,
				07ED184D1CE56D450094FE42 /* MeViewController .swift in Sources */,
				07ED18591CE777020094FE42 /* HobbyCollectionViewCell.swift in Sources */,
				07ED18491CE549DF0094FE42 /* SFLConnection.swift in Sources */,
				07ED18511CE56DE60094FE42 /* EditHobbiesViewController.swift in Sources */,
				07ED18571CE578CF0094FE42 /* DataProviders.swift in Sources */,
				074A4EE81CDB6E3E00E805E9 /* ViewController.swift in Sources */,
				07ED18481CE549DF0094FE42 /* SFLBaseModel.swift in Sources */,
				074A4EE61CDB6E3E00E805E9 /* AppDelegate.swift in Sources */,
				07ED184F1CE56D680094FE42 /* HoBShareViewController.swift in Sources */,
				07ED18551CE5786E0094FE42 /* Modles.swift in Sources */,
			);
			runOnlyForDeploymentPostprocessing = 0;
		};
/* End PBXSourcesBuildPhase section */

/* Begin PBXVariantGroup section */
		074A4EE91CDB6E3E00E805E9 /* Main.storyboard */ = {
			isa = PBXVariantGroup;
			children = (
				074A4EEA1CDB6E3E00E805E9 /* Base */,
			);
			name = Main.storyboard;
			sourceTree = "<group>";
		};
		074A4EF11CDB6E3E00E805E9 /* LaunchScreen.storyboard */ = {
			isa = PBXVariantGroup;
			children = (
				074A4EF21CDB6E3E00E805E9 /* Base */,
			);
			name = LaunchScreen.storyboard;
			sourceTree = "<group>";
		};
/* End PBXVariantGroup section */

/* Begin XCBuildConfiguration section */
		074A4EF51CDB6E3E00E805E9 /* Debug */ = {
			isa = XCBuildConfiguration;
			buildSettings = {
				ALWAYS_SEARCH_USER_PATHS = NO;
				CLANG_ANALYZER_NONNULL = YES;
				CLANG_CXX_LANGUAGE_STANDARD = "gnu++0x";
				CLANG_CXX_LIBRARY = "libc++";
				CLANG_ENABLE_MODULES = YES;
				CLANG_ENABLE_OBJC_ARC = YES;
				CLANG_WARN_BOOL_CONVERSION = YES;
				CLANG_WARN_CONSTANT_CONVERSION = YES;
				CLANG_WARN_DIRECT_OBJC_ISA_USAGE = YES_ERROR;
				CLANG_WARN_EMPTY_BODY = YES;
				CLANG_WARN_ENUM_CONVERSION = YES;
				CLANG_WARN_INT_CONVERSION = YES;
				CLANG_WARN_OBJC_ROOT_CLASS = YES_ERROR;
				CLANG_WARN_UNREACHABLE_CODE = YES;
				CLANG_WARN__DUPLICATE_METHOD_MATCH = YES;
				"CODE_SIGN_IDENTITY[sdk=iphoneos*]" = "iPhone Developer";
				COPY_PHASE_STRIP = NO;
				DEBUG_INFORMATION_FORMAT = dwarf;
				ENABLE_STRICT_OBJC_MSGSEND = YES;
				ENABLE_TESTABILITY = YES;
				GCC_C_LANGUAGE_STANDARD = gnu99;
				GCC_DYNAMIC_NO_PIC = NO;
				GCC_NO_COMMON_BLOCKS = YES;
				GCC_OPTIMIZATION_LEVEL = 0;
				GCC_PREPROCESSOR_DEFINITIONS = (
					"DEBUG=1",
					"$(inherited)",
				);
				GCC_WARN_64_TO_32_BIT_CONVERSION = YES;
				GCC_WARN_ABOUT_RETURN_TYPE = YES_ERROR;
				GCC_WARN_UNDECLARED_SELECTOR = YES;
				GCC_WARN_UNINITIALIZED_AUTOS = YES_AGGRESSIVE;
				GCC_WARN_UNUSED_FUNCTION = YES;
				GCC_WARN_UNUSED_VARIABLE = YES;
				IPHONEOS_DEPLOYMENT_TARGET = 9.3;
				MTL_ENABLE_DEBUG_INFO = YES;
				ONLY_ACTIVE_ARCH = YES;
				SDKROOT = iphoneos;
				SWIFT_OPTIMIZATION_LEVEL = "-Onone";
			};
			name = Debug;
		};
		074A4EF61CDB6E3E00E805E9 /* Release */ = {
			isa = XCBuildConfiguration;
			buildSettings = {
				ALWAYS_SEARCH_USER_PATHS = NO;
				CLANG_ANALYZER_NONNULL = YES;
				CLANG_CXX_LANGUAGE_STANDARD = "gnu++0x";
				CLANG_CXX_LIBRARY = "libc++";
				CLANG_ENABLE_MODULES = YES;
				CLANG_ENABLE_OBJC_ARC = YES;
				CLANG_WARN_BOOL_CONVERSION = YES;
				CLANG_WARN_CONSTANT_CONVERSION = YES;
				CLANG_WARN_DIRECT_OBJC_ISA_USAGE = YES_ERROR;
				CLANG_WARN_EMPTY_BODY = YES;
				CLANG_WARN_ENUM_CONVERSION = YES;
				CLANG_WARN_INT_CONVERSION = YES;
				CLANG_WARN_OBJC_ROOT_CLASS = YES_ERROR;
				CLANG_WARN_UNREACHABLE_CODE = YES;
				CLANG_WARN__DUPLICATE_METHOD_MATCH = YES;
				"CODE_SIGN_IDENTITY[sdk=iphoneos*]" = "iPhone Developer";
				COPY_PHASE_STRIP = NO;
				DEBUG_INFORMATION_FORMAT = "dwarf-with-dsym";
				ENABLE_NS_ASSERTIONS = NO;
				ENABLE_STRICT_OBJC_MSGSEND = YES;
				GCC_C_LANGUAGE_STANDARD = gnu99;
				GCC_NO_COMMON_BLOCKS = YES;
				GCC_WARN_64_TO_32_BIT_CONVERSION = YES;
				GCC_WARN_ABOUT_RETURN_TYPE = YES_ERROR;
				GCC_WARN_UNDECLARED_SELECTOR = YES;
				GCC_WARN_UNINITIALIZED_AUTOS = YES_AGGRESSIVE;
				GCC_WARN_UNUSED_FUNCTION = YES;
				GCC_WARN_UNUSED_VARIABLE = YES;
				IPHONEOS_DEPLOYMENT_TARGET = 9.3;
				MTL_ENABLE_DEBUG_INFO = NO;
				SDKROOT = iphoneos;
				VALIDATE_PRODUCT = YES;
			};
			name = Release;
		};
		074A4EF81CDB6E3E00E805E9 /* Debug */ = {
			isa = XCBuildConfiguration;
			buildSettings = {
				ASSETCATALOG_COMPILER_APPICON_NAME = AppIcon;
				INFOPLIST_FILE = HoBShare/Info.plist;
				LD_RUNPATH_SEARCH_PATHS = "$(inherited) @executable_path/Frameworks";
				PRODUCT_BUNDLE_IDENTIFIER = Eric.HoBShare;
				PRODUCT_NAME = "$(TARGET_NAME)";
			};
			name = Debug;
		};
		074A4EF91CDB6E3E00E805E9 /* Release */ = {
			isa = XCBuildConfiguration;
			buildSettings = {
				ASSETCATALOG_COMPILER_APPICON_NAME = AppIcon;
				INFOPLIST_FILE = HoBShare/Info.plist;
				LD_RUNPATH_SEARCH_PATHS = "$(inherited) @executable_path/Frameworks";
				PRODUCT_BUNDLE_IDENTIFIER = Eric.HoBShare;
				PRODUCT_NAME = "$(TARGET_NAME)";
			};
			name = Release;
		};
/* End XCBuildConfiguration section */

/* Begin XCConfigurationList section */
		074A4EDD1CDB6E3E00E805E9 /* Build configuration list for PBXProject "HoBShare" */ = {
			isa = XCConfigurationList;
			buildConfigurations = (
				074A4EF51CDB6E3E00E805E9 /* Debug */,
				074A4EF61CDB6E3E00E805E9 /* Release */,
			);
			defaultConfigurationIsVisible = 0;
			defaultConfigurationName = Release;
		};
		074A4EF71CDB6E3E00E805E9 /* Build configuration list for PBXNativeTarget "HoBShare" */ = {
			isa = XCConfigurationList;
			buildConfigurations = (
				074A4EF81CDB6E3E00E805E9 /* Debug */,
				074A4EF91CDB6E3E00E805E9 /* Release */,
			);
			defaultConfigurationIsVisible = 0;
			defaultConfigurationName = Release;
		};
/* End XCConfigurationList section */

/* Begin XCVersionGroup section */
		074A4EEC1CDB6E3E00E805E9 /* HoBShare.xcdatamodeld */ = {
			isa = XCVersionGroup;
			children = (
				074A4EED1CDB6E3E00E805E9 /* HoBShare.xcdatamodel */,
			);
			currentVersion = 074A4EED1CDB6E3E00E805E9 /* HoBShare.xcdatamodel */;
			path = HoBShare.xcdatamodeld;
			sourceTree = "<group>";
			versionGroupType = wrapper.xcdatamodel;
		};
/* End XCVersionGroup section */
	};
	rootObject = 074A4EDA1CDB6E3E00E805E9 /* Project object */;
}
